
Microsoft Visual Studio Solution File, Format Version 12.00
# Visual Studio Version 17
VisualStudioVersion = 17.4.33110.190
MinimumVisualStudioVersion = 10.0.40219.1
Project("{FAE04EC0-301F-11D3-BF4B-00C04F79EFBC}") = "core_backend", "core_backend.csproj", "{BFC12B46-4F20-41C4-8829-10B0A7FF99BA}"
EndProject
Global
	GlobalSection(SolutionConfigurationPlatforms) = preSolution
		Debug|Any CPU = Debug|Any CPU
		Release|Any CPU = Release|Any CPU
	EndGlobalSection
	GlobalSection(ProjectConfigurationPlatforms) = postSolution
		{BFC12B46-4F20-41C4-8829-10B0A7FF99BA}.Debug|Any CPU.ActiveCfg = Debug|Any CPU
		{BFC12B46-4F20-41C4-8829-10B0A7FF99BA}.Debug|Any CPU.Build.0 = Debug|Any CPU
		{BFC12B46-4F20-41C4-8829-10B0A7FF99BA}.Release|Any CPU.ActiveCfg = Release|Any CPU
		{BFC12B46-4F20-41C4-8829-10B0A7FF99BA}.Release|Any CPU.Build.0 = Release|Any CPU
	EndGlobalSection
	GlobalSection(SolutionProperties) = preSolution
		HideSolutionNode = FALSE
	EndGlobalSection
	GlobalSection(ExtensibilityGlobals) = postSolution
		SolutionGuid = {F700C4A7-E54A-4F74-AD03-5666FA96D544}
	EndGlobalSection
EndGlobal
